// !$*UTF8*$!
{
	archiveVersion = 1;
	classes = {
	};
	objectVersion = 46;
	objects = {

/* Begin PBXBuildFile section */
		69242EA21D51C42F00A763B1 /* Bolts.framework in Frameworks */ = {isa = PBXBuildFile; fileRef = 69242E9E1D51C42F00A763B1 /* Bolts.framework */; };
		69242EA31D51C42F00A763B1 /* FBSDKCoreKit.framework in Frameworks */ = {isa = PBXBuildFile; fileRef = 69242E9F1D51C42F00A763B1 /* FBSDKCoreKit.framework */; };
		69242EA41D51C42F00A763B1 /* FBSDKLoginKit.framework in Frameworks */ = {isa = PBXBuildFile; fileRef = 69242EA01D51C42F00A763B1 /* FBSDKLoginKit.framework */; };
		69242EA51D51C42F00A763B1 /* FBSDKShareKit.framework in Frameworks */ = {isa = PBXBuildFile; fileRef = 69242EA11D51C42F00A763B1 /* FBSDKShareKit.framework */; };
		69242EDE1D51CDA100A763B1 /* Alamofire.framework in Frameworks */ = {isa = PBXBuildFile; fileRef = 69242ECD1D51CCD900A763B1 /* Alamofire.framework */; };
		69242EDF1D51CDBD00A763B1 /* Alamofire.framework in Copy Framework */ = {isa = PBXBuildFile; fileRef = 69242ECD1D51CCD900A763B1 /* Alamofire.framework */; settings = {ATTRIBUTES = (CodeSignOnCopy, RemoveHeadersOnCopy, ); }; };
		69242EE21D51D13900A763B1 /* Function.swift in Sources */ = {isa = PBXBuildFile; fileRef = 69242EE11D51D13900A763B1 /* Function.swift */; };
		69242EE41D51FB1C00A763B1 /* VerifyOTPViewController.swift in Sources */ = {isa = PBXBuildFile; fileRef = 69242EE31D51FB1C00A763B1 /* VerifyOTPViewController.swift */; };
		699E8CB91D519E2E0073EEA8 /* AppDelegate.swift in Sources */ = {isa = PBXBuildFile; fileRef = 699E8CB81D519E2E0073EEA8 /* AppDelegate.swift */; };
		699E8CBE1D519E2E0073EEA8 /* Main.storyboard in Resources */ = {isa = PBXBuildFile; fileRef = 699E8CBC1D519E2E0073EEA8 /* Main.storyboard */; };
		699E8CC01D519E2E0073EEA8 /* Assets.xcassets in Resources */ = {isa = PBXBuildFile; fileRef = 699E8CBF1D519E2E0073EEA8 /* Assets.xcassets */; };
		699E8CC31D519E2E0073EEA8 /* LaunchScreen.storyboard in Resources */ = {isa = PBXBuildFile; fileRef = 699E8CC11D519E2E0073EEA8 /* LaunchScreen.storyboard */; };
		699E8CCE1D519E2E0073EEA8 /* Around_AppTests.swift in Sources */ = {isa = PBXBuildFile; fileRef = 699E8CCD1D519E2E0073EEA8 /* Around_AppTests.swift */; };
		699E8CD91D519E2E0073EEA8 /* Around_AppUITests.swift in Sources */ = {isa = PBXBuildFile; fileRef = 699E8CD81D519E2E0073EEA8 /* Around_AppUITests.swift */; };
		699E8CF71D519E5C0073EEA8 /* CustomSegue.swift in Sources */ = {isa = PBXBuildFile; fileRef = 699E8CE81D519E5C0073EEA8 /* CustomSegue.swift */; };
		699E8CF81D519E5C0073EEA8 /* Define.swift in Sources */ = {isa = PBXBuildFile; fileRef = 699E8CE91D519E5C0073EEA8 /* Define.swift */; };
		699E8CFC1D519E5C0073EEA8 /* HomeViewController.swift in Sources */ = {isa = PBXBuildFile; fileRef = 699E8CED1D519E5C0073EEA8 /* HomeViewController.swift */; };
		699E8CFD1D519E5C0073EEA8 /* LoginViewController.swift in Sources */ = {isa = PBXBuildFile; fileRef = 699E8CEE1D519E5C0073EEA8 /* LoginViewController.swift */; };
		699E8CFE1D519E5C0073EEA8 /* MapViewController.swift in Sources */ = {isa = PBXBuildFile; fileRef = 699E8CEF1D519E5C0073EEA8 /* MapViewController.swift */; };
		699E8CFF1D519E5C0073EEA8 /* RegisterPhoneNumberViewController.swift in Sources */ = {isa = PBXBuildFile; fileRef = 699E8CF01D519E5C0073EEA8 /* RegisterPhoneNumberViewController.swift */; };
		699E8D001D519E5C0073EEA8 /* SidebarTableViewController.m in Sources */ = {isa = PBXBuildFile; fileRef = 699E8CF21D519E5C0073EEA8 /* SidebarTableViewController.m */; };
		699E8D011D519E5C0073EEA8 /* SWRevealViewController.m in Sources */ = {isa = PBXBuildFile; fileRef = 699E8CF41D519E5C0073EEA8 /* SWRevealViewController.m */; };
		699E8D021D519E5C0073EEA8 /* WithOutStatusBarViewController.swift in Sources */ = {isa = PBXBuildFile; fileRef = 699E8CF51D519E5C0073EEA8 /* WithOutStatusBarViewController.swift */; };
		699E8DB81D51ABB00073EEA8 /* NetKit.swift in Sources */ = {isa = PBXBuildFile; fileRef = 699E8DB71D51ABB00073EEA8 /* NetKit.swift */; };
		699E8DBC1D51AC660073EEA8 /* Extensions.swift in Sources */ = {isa = PBXBuildFile; fileRef = 699E8DBB1D51AC660073EEA8 /* Extensions.swift */; };
		699E8DBE1D51AF190073EEA8 /* DataConnect.swift in Sources */ = {isa = PBXBuildFile; fileRef = 699E8DBD1D51AF190073EEA8 /* DataConnect.swift */; };
/* End PBXBuildFile section */

/* Begin PBXContainerItemProxy section */
		69242ECC1D51CCD900A763B1 /* PBXContainerItemProxy */ = {
			isa = PBXContainerItemProxy;
			containerPortal = 69242EC11D51CCD900A763B1 /* Alamofire.xcodeproj */;
			proxyType = 2;
			remoteGlobalIDString = F8111E3319A95C8B0040E7D1;
			remoteInfo = "Alamofire iOS";
		};
		69242ECE1D51CCD900A763B1 /* PBXContainerItemProxy */ = {
			isa = PBXContainerItemProxy;
			containerPortal = 69242EC11D51CCD900A763B1 /* Alamofire.xcodeproj */;
			proxyType = 2;
			remoteGlobalIDString = F8111E3E19A95C8B0040E7D1;
			remoteInfo = "Alamofire iOS Tests";
		};
		69242ED01D51CCD900A763B1 /* PBXContainerItemProxy */ = {
			isa = PBXContainerItemProxy;
			containerPortal = 69242EC11D51CCD900A763B1 /* Alamofire.xcodeproj */;
			proxyType = 2;
			remoteGlobalIDString = 4DD67C0B1A5C55C900ED2280;
			remoteInfo = "Alamofire OSX";
		};
		69242ED21D51CCD900A763B1 /* PBXContainerItemProxy */ = {
			isa = PBXContainerItemProxy;
			containerPortal = 69242EC11D51CCD900A763B1 /* Alamofire.xcodeproj */;
			proxyType = 2;
			remoteGlobalIDString = F829C6B21A7A94F100A2CD59;
			remoteInfo = "Alamofire OSX Tests";
		};
		69242ED41D51CCD900A763B1 /* PBXContainerItemProxy */ = {
			isa = PBXContainerItemProxy;
			containerPortal = 69242EC11D51CCD900A763B1 /* Alamofire.xcodeproj */;
			proxyType = 2;
			remoteGlobalIDString = 4CF626EF1BA7CB3E0011A099;
			remoteInfo = "Alamofire tvOS";
		};
		69242ED61D51CCD900A763B1 /* PBXContainerItemProxy */ = {
			isa = PBXContainerItemProxy;
			containerPortal = 69242EC11D51CCD900A763B1 /* Alamofire.xcodeproj */;
			proxyType = 2;
			remoteGlobalIDString = 4CF626F81BA7CB3E0011A099;
			remoteInfo = "Alamofire tvOS Tests";
		};
		69242ED81D51CCD900A763B1 /* PBXContainerItemProxy */ = {
			isa = PBXContainerItemProxy;
			containerPortal = 69242EC11D51CCD900A763B1 /* Alamofire.xcodeproj */;
			proxyType = 2;
			remoteGlobalIDString = E4202FE01B667AA100C997FB;
			remoteInfo = "Alamofire watchOS";
		};
		69242EDA1D51CD1700A763B1 /* PBXContainerItemProxy */ = {
			isa = PBXContainerItemProxy;
			containerPortal = 69242EC11D51CCD900A763B1 /* Alamofire.xcodeproj */;
			proxyType = 1;
			remoteGlobalIDString = F8111E3219A95C8B0040E7D1;
			remoteInfo = "Alamofire iOS";
		};
		699E8CCA1D519E2E0073EEA8 /* PBXContainerItemProxy */ = {
			isa = PBXContainerItemProxy;
			containerPortal = 699E8CAD1D519E2E0073EEA8 /* Project object */;
			proxyType = 1;
			remoteGlobalIDString = 699E8CB41D519E2E0073EEA8;
			remoteInfo = "Around App";
		};
		699E8CD51D519E2E0073EEA8 /* PBXContainerItemProxy */ = {
			isa = PBXContainerItemProxy;
			containerPortal = 699E8CAD1D519E2E0073EEA8 /* Project object */;
			proxyType = 1;
			remoteGlobalIDString = 699E8CB41D519E2E0073EEA8;
			remoteInfo = "Around App";
		};
/* End PBXContainerItemProxy section */

/* Begin PBXCopyFilesBuildPhase section */
		69242EDC1D51CD2500A763B1 /* Copy Framework */ = {
			isa = PBXCopyFilesBuildPhase;
			buildActionMask = 2147483647;
			dstPath = "";
			dstSubfolderSpec = 10;
			files = (
				69242EDF1D51CDBD00A763B1 /* Alamofire.framework in Copy Framework */,
			);
			name = "Copy Framework";
			runOnlyForDeploymentPostprocessing = 0;
		};
/* End PBXCopyFilesBuildPhase section */

/* Begin PBXFileReference section */
		69242E9E1D51C42F00A763B1 /* Bolts.framework */ = {isa = PBXFileReference; lastKnownFileType = wrapper.framework; path = Bolts.framework; sourceTree = "<group>"; };
		69242E9F1D51C42F00A763B1 /* FBSDKCoreKit.framework */ = {isa = PBXFileReference; lastKnownFileType = wrapper.framework; path = FBSDKCoreKit.framework; sourceTree = "<group>"; };
		69242EA01D51C42F00A763B1 /* FBSDKLoginKit.framework */ = {isa = PBXFileReference; lastKnownFileType = wrapper.framework; path = FBSDKLoginKit.framework; sourceTree = "<group>"; };
		69242EA11D51C42F00A763B1 /* FBSDKShareKit.framework */ = {isa = PBXFileReference; lastKnownFileType = wrapper.framework; path = FBSDKShareKit.framework; sourceTree = "<group>"; };
		69242EC11D51CCD900A763B1 /* Alamofire.xcodeproj */ = {isa = PBXFileReference; lastKnownFileType = "wrapper.pb-project"; name = Alamofire.xcodeproj; path = Alamofire/Alamofire.xcodeproj; sourceTree = "<group>"; };
		69242EE11D51D13900A763B1 /* Function.swift */ = {isa = PBXFileReference; fileEncoding = 4; lastKnownFileType = sourcecode.swift; path = Function.swift; sourceTree = "<group>"; };
		69242EE31D51FB1C00A763B1 /* VerifyOTPViewController.swift */ = {isa = PBXFileReference; fileEncoding = 4; lastKnownFileType = sourcecode.swift; path = VerifyOTPViewController.swift; sourceTree = "<group>"; };
		699E8CB51D519E2E0073EEA8 /* Around App.app */ = {isa = PBXFileReference; explicitFileType = wrapper.application; includeInIndex = 0; path = "Around App.app"; sourceTree = BUILT_PRODUCTS_DIR; };
		699E8CB81D519E2E0073EEA8 /* AppDelegate.swift */ = {isa = PBXFileReference; lastKnownFileType = sourcecode.swift; path = AppDelegate.swift; sourceTree = "<group>"; };
		699E8CBD1D519E2E0073EEA8 /* Base */ = {isa = PBXFileReference; lastKnownFileType = file.storyboard; name = Base; path = Base.lproj/Main.storyboard; sourceTree = "<group>"; };
		699E8CBF1D519E2E0073EEA8 /* Assets.xcassets */ = {isa = PBXFileReference; lastKnownFileType = folder.assetcatalog; path = Assets.xcassets; sourceTree = "<group>"; };
		699E8CC21D519E2E0073EEA8 /* Base */ = {isa = PBXFileReference; lastKnownFileType = file.storyboard; name = Base; path = Base.lproj/LaunchScreen.storyboard; sourceTree = "<group>"; };
		699E8CC41D519E2E0073EEA8 /* Info.plist */ = {isa = PBXFileReference; lastKnownFileType = text.plist.xml; path = Info.plist; sourceTree = "<group>"; };
		699E8CC91D519E2E0073EEA8 /* Around AppTests.xctest */ = {isa = PBXFileReference; explicitFileType = wrapper.cfbundle; includeInIndex = 0; path = "Around AppTests.xctest"; sourceTree = BUILT_PRODUCTS_DIR; };
		699E8CCD1D519E2E0073EEA8 /* Around_AppTests.swift */ = {isa = PBXFileReference; lastKnownFileType = sourcecode.swift; path = Around_AppTests.swift; sourceTree = "<group>"; };
		699E8CCF1D519E2E0073EEA8 /* Info.plist */ = {isa = PBXFileReference; lastKnownFileType = text.plist.xml; path = Info.plist; sourceTree = "<group>"; };
		699E8CD41D519E2E0073EEA8 /* Around AppUITests.xctest */ = {isa = PBXFileReference; explicitFileType = wrapper.cfbundle; includeInIndex = 0; path = "Around AppUITests.xctest"; sourceTree = BUILT_PRODUCTS_DIR; };
		699E8CD81D519E2E0073EEA8 /* Around_AppUITests.swift */ = {isa = PBXFileReference; lastKnownFileType = sourcecode.swift; path = Around_AppUITests.swift; sourceTree = "<group>"; };
		699E8CDA1D519E2E0073EEA8 /* Info.plist */ = {isa = PBXFileReference; lastKnownFileType = text.plist.xml; path = Info.plist; sourceTree = "<group>"; };
		699E8CE71D519E5C0073EEA8 /* BridgingHeaderfile.h */ = {isa = PBXFileReference; fileEncoding = 4; lastKnownFileType = sourcecode.c.h; path = BridgingHeaderfile.h; sourceTree = "<group>"; };
		699E8CE81D519E5C0073EEA8 /* CustomSegue.swift */ = {isa = PBXFileReference; fileEncoding = 4; lastKnownFileType = sourcecode.swift; path = CustomSegue.swift; sourceTree = "<group>"; };
		699E8CE91D519E5C0073EEA8 /* Define.swift */ = {isa = PBXFileReference; fileEncoding = 4; lastKnownFileType = sourcecode.swift; path = Define.swift; sourceTree = "<group>"; };
		699E8CED1D519E5C0073EEA8 /* HomeViewController.swift */ = {isa = PBXFileReference; fileEncoding = 4; lastKnownFileType = sourcecode.swift; path = HomeViewController.swift; sourceTree = "<group>"; };
		699E8CEE1D519E5C0073EEA8 /* LoginViewController.swift */ = {isa = PBXFileReference; fileEncoding = 4; lastKnownFileType = sourcecode.swift; path = LoginViewController.swift; sourceTree = "<group>"; };
		699E8CEF1D519E5C0073EEA8 /* MapViewController.swift */ = {isa = PBXFileReference; fileEncoding = 4; lastKnownFileType = sourcecode.swift; path = MapViewController.swift; sourceTree = "<group>"; };
		699E8CF01D519E5C0073EEA8 /* RegisterPhoneNumberViewController.swift */ = {isa = PBXFileReference; fileEncoding = 4; lastKnownFileType = sourcecode.swift; path = RegisterPhoneNumberViewController.swift; sourceTree = "<group>"; };
		699E8CF11D519E5C0073EEA8 /* SidebarTableViewController.h */ = {isa = PBXFileReference; fileEncoding = 4; lastKnownFileType = sourcecode.c.h; path = SidebarTableViewController.h; sourceTree = "<group>"; };
		699E8CF21D519E5C0073EEA8 /* SidebarTableViewController.m */ = {isa = PBXFileReference; fileEncoding = 4; lastKnownFileType = sourcecode.c.objc; path = SidebarTableViewController.m; sourceTree = "<group>"; };
		699E8CF31D519E5C0073EEA8 /* SWRevealViewController.h */ = {isa = PBXFileReference; fileEncoding = 4; lastKnownFileType = sourcecode.c.h; path = SWRevealViewController.h; sourceTree = "<group>"; };
		699E8CF41D519E5C0073EEA8 /* SWRevealViewController.m */ = {isa = PBXFileReference; fileEncoding = 4; lastKnownFileType = sourcecode.c.objc; path = SWRevealViewController.m; sourceTree = "<group>"; };
		699E8CF51D519E5C0073EEA8 /* WithOutStatusBarViewController.swift */ = {isa = PBXFileReference; fileEncoding = 4; lastKnownFileType = sourcecode.swift; path = WithOutStatusBarViewController.swift; sourceTree = "<group>"; };
		699E8DB71D51ABB00073EEA8 /* NetKit.swift */ = {isa = PBXFileReference; fileEncoding = 4; lastKnownFileType = sourcecode.swift; path = NetKit.swift; sourceTree = "<group>"; };
		699E8DBB1D51AC660073EEA8 /* Extensions.swift */ = {isa = PBXFileReference; fileEncoding = 4; lastKnownFileType = sourcecode.swift; path = Extensions.swift; sourceTree = "<group>"; };
		699E8DBD1D51AF190073EEA8 /* DataConnect.swift */ = {isa = PBXFileReference; fileEncoding = 4; lastKnownFileType = sourcecode.swift; path = DataConnect.swift; sourceTree = "<group>"; };
/* End PBXFileReference section */

/* Begin PBXFrameworksBuildPhase section */
		699E8CB21D519E2E0073EEA8 /* Frameworks */ = {
			isa = PBXFrameworksBuildPhase;
			buildActionMask = 2147483647;
			files = (
				69242EDE1D51CDA100A763B1 /* Alamofire.framework in Frameworks */,
				69242EA51D51C42F00A763B1 /* FBSDKShareKit.framework in Frameworks */,
				69242EA21D51C42F00A763B1 /* Bolts.framework in Frameworks */,
				69242EA31D51C42F00A763B1 /* FBSDKCoreKit.framework in Frameworks */,
				69242EA41D51C42F00A763B1 /* FBSDKLoginKit.framework in Frameworks */,
			);
			runOnlyForDeploymentPostprocessing = 0;
		};
		699E8CC61D519E2E0073EEA8 /* Frameworks */ = {
			isa = PBXFrameworksBuildPhase;
			buildActionMask = 2147483647;
			files = (
			);
			runOnlyForDeploymentPostprocessing = 0;
		};
		699E8CD11D519E2E0073EEA8 /* Frameworks */ = {
			isa = PBXFrameworksBuildPhase;
			buildActionMask = 2147483647;
			files = (
			);
			runOnlyForDeploymentPostprocessing = 0;
		};
/* End PBXFrameworksBuildPhase section */

/* Begin PBXGroup section */
		69242EC21D51CCD900A763B1 /* Products */ = {
			isa = PBXGroup;
			children = (
				69242ECD1D51CCD900A763B1 /* Alamofire.framework */,
				69242ECF1D51CCD900A763B1 /* Alamofire iOS Tests.xctest */,
				69242ED11D51CCD900A763B1 /* Alamofire.framework */,
				69242ED31D51CCD900A763B1 /* Alamofire OSX Tests.xctest */,
				69242ED51D51CCD900A763B1 /* Alamofire.framework */,
				69242ED71D51CCD900A763B1 /* Alamofire tvOS Tests.xctest */,
				69242ED91D51CCD900A763B1 /* Alamofire.framework */,
			);
			name = Products;
			sourceTree = "<group>";
		};
		699E8CAC1D519E2E0073EEA8 = {
			isa = PBXGroup;
			children = (
				699E8CB71D519E2E0073EEA8 /* Around App */,
				699E8CCC1D519E2E0073EEA8 /* Around AppTests */,
				699E8CD71D519E2E0073EEA8 /* Around AppUITests */,
				699E8CB61D519E2E0073EEA8 /* Products */,
				69242EC11D51CCD900A763B1 /* Alamofire.xcodeproj */,
			);
			sourceTree = "<group>";
		};
		699E8CB61D519E2E0073EEA8 /* Products */ = {
			isa = PBXGroup;
			children = (
				699E8CB51D519E2E0073EEA8 /* Around App.app */,
				699E8CC91D519E2E0073EEA8 /* Around AppTests.xctest */,
				699E8CD41D519E2E0073EEA8 /* Around AppUITests.xctest */,
			);
			name = Products;
			sourceTree = "<group>";
		};
		699E8CB71D519E2E0073EEA8 /* Around App */ = {
			isa = PBXGroup;
			children = (
				699E8D071D519E870073EEA8 /* Framework */,
				699E8D061D519E810073EEA8 /* ViewController */,
				699E8D041D519E690073EEA8 /* Library */,
				699E8D031D519E620073EEA8 /* Common */,
				699E8CE71D519E5C0073EEA8 /* BridgingHeaderfile.h */,
				699E8CB81D519E2E0073EEA8 /* AppDelegate.swift */,
				699E8CBC1D519E2E0073EEA8 /* Main.storyboard */,
				699E8CBF1D519E2E0073EEA8 /* Assets.xcassets */,
				699E8CC11D519E2E0073EEA8 /* LaunchScreen.storyboard */,
				699E8CC41D519E2E0073EEA8 /* Info.plist */,
			);
			path = "Around App";
			sourceTree = "<group>";
		};
		699E8CCC1D519E2E0073EEA8 /* Around AppTests */ = {
			isa = PBXGroup;
			children = (
				699E8CCD1D519E2E0073EEA8 /* Around_AppTests.swift */,
				699E8CCF1D519E2E0073EEA8 /* Info.plist */,
			);
			path = "Around AppTests";
			sourceTree = "<group>";
		};
		699E8CD71D519E2E0073EEA8 /* Around AppUITests */ = {
			isa = PBXGroup;
			children = (
				699E8CD81D519E2E0073EEA8 /* Around_AppUITests.swift */,
				699E8CDA1D519E2E0073EEA8 /* Info.plist */,
			);
			path = "Around AppUITests";
			sourceTree = "<group>";
		};
		699E8D031D519E620073EEA8 /* Common */ = {
			isa = PBXGroup;
			children = (
				69242EE11D51D13900A763B1 /* Function.swift */,
				699E8DBB1D51AC660073EEA8 /* Extensions.swift */,
				699E8CE81D519E5C0073EEA8 /* CustomSegue.swift */,
				699E8CE91D519E5C0073EEA8 /* Define.swift */,
			);
			name = Common;
			sourceTree = "<group>";
		};
		699E8D041D519E690073EEA8 /* Library */ = {
			isa = PBXGroup;
			children = (
				699E8D401D51A78B0073EEA8 /* Data Connect */,
				699E8D051D519E760073EEA8 /* Slide menu */,
			);
			name = Library;
			sourceTree = "<group>";
		};
		699E8D051D519E760073EEA8 /* Slide menu */ = {
			isa = PBXGroup;
			children = (
				699E8CF11D519E5C0073EEA8 /* SidebarTableViewController.h */,
				699E8CF21D519E5C0073EEA8 /* SidebarTableViewController.m */,
				699E8CF31D519E5C0073EEA8 /* SWRevealViewController.h */,
				699E8CF41D519E5C0073EEA8 /* SWRevealViewController.m */,
			);
			name = "Slide menu";
			sourceTree = "<group>";
		};
		699E8D061D519E810073EEA8 /* ViewController */ = {
			isa = PBXGroup;
			children = (
				699E8CED1D519E5C0073EEA8 /* HomeViewController.swift */,
				699E8CEE1D519E5C0073EEA8 /* LoginViewController.swift */,
				699E8CEF1D519E5C0073EEA8 /* MapViewController.swift */,
				699E8CF01D519E5C0073EEA8 /* RegisterPhoneNumberViewController.swift */,
				699E8CF51D519E5C0073EEA8 /* WithOutStatusBarViewController.swift */,
				69242EE31D51FB1C00A763B1 /* VerifyOTPViewController.swift */,
			);
			name = ViewController;
			sourceTree = "<group>";
		};
		699E8D071D519E870073EEA8 /* Framework */ = {
			isa = PBXGroup;
			children = (
				69242E9E1D51C42F00A763B1 /* Bolts.framework */,
				69242E9F1D51C42F00A763B1 /* FBSDKCoreKit.framework */,
				69242EA01D51C42F00A763B1 /* FBSDKLoginKit.framework */,
				69242EA11D51C42F00A763B1 /* FBSDKShareKit.framework */,
			);
			name = Framework;
			sourceTree = "<group>";
		};
		699E8D401D51A78B0073EEA8 /* Data Connect */ = {
			isa = PBXGroup;
			children = (
				699E8DB71D51ABB00073EEA8 /* NetKit.swift */,
				699E8DBD1D51AF190073EEA8 /* DataConnect.swift */,
			);
			name = "Data Connect";
			sourceTree = "<group>";
		};
/* End PBXGroup section */

/* Begin PBXNativeTarget section */
		699E8CB41D519E2E0073EEA8 /* Around App */ = {
			isa = PBXNativeTarget;
			buildConfigurationList = 699E8CDD1D519E2E0073EEA8 /* Build configuration list for PBXNativeTarget "Around App" */;
			buildPhases = (
				699E8CB11D519E2E0073EEA8 /* Sources */,
				699E8CB21D519E2E0073EEA8 /* Frameworks */,
				699E8CB31D519E2E0073EEA8 /* Resources */,
				69242EDC1D51CD2500A763B1 /* Copy Framework */,
			);
			buildRules = (
			);
			dependencies = (
				69242EDB1D51CD1700A763B1 /* PBXTargetDependency */,
			);
			name = "Around App";
			productName = "Around App";
			productReference = 699E8CB51D519E2E0073EEA8 /* Around App.app */;
			productType = "com.apple.product-type.application";
		};
		699E8CC81D519E2E0073EEA8 /* Around AppTests */ = {
			isa = PBXNativeTarget;
			buildConfigurationList = 699E8CE01D519E2E0073EEA8 /* Build configuration list for PBXNativeTarget "Around AppTests" */;
			buildPhases = (
				699E8CC51D519E2E0073EEA8 /* Sources */,
				699E8CC61D519E2E0073EEA8 /* Frameworks */,
				699E8CC71D519E2E0073EEA8 /* Resources */,
			);
			buildRules = (
			);
			dependencies = (
				699E8CCB1D519E2E0073EEA8 /* PBXTargetDependency */,
			);
			name = "Around AppTests";
			productName = "Around AppTests";
			productReference = 699E8CC91D519E2E0073EEA8 /* Around AppTests.xctest */;
			productType = "com.apple.product-type.bundle.unit-test";
		};
		699E8CD31D519E2E0073EEA8 /* Around AppUITests */ = {
			isa = PBXNativeTarget;
			buildConfigurationList = 699E8CE31D519E2E0073EEA8 /* Build configuration list for PBXNativeTarget "Around AppUITests" */;
			buildPhases = (
				699E8CD01D519E2E0073EEA8 /* Sources */,
				699E8CD11D519E2E0073EEA8 /* Frameworks */,
				699E8CD21D519E2E0073EEA8 /* Resources */,
			);
			buildRules = (
			);
			dependencies = (
				699E8CD61D519E2E0073EEA8 /* PBXTargetDependency */,
			);
			name = "Around AppUITests";
			productName = "Around AppUITests";
			productReference = 699E8CD41D519E2E0073EEA8 /* Around AppUITests.xctest */;
			productType = "com.apple.product-type.bundle.ui-testing";
		};
/* End PBXNativeTarget section */

/* Begin PBXProject section */
		699E8CAD1D519E2E0073EEA8 /* Project object */ = {
			isa = PBXProject;
			attributes = {
				LastSwiftUpdateCheck = 0730;
				LastUpgradeCheck = 0730;
				ORGANIZATIONNAME = phuc.huynh;
				TargetAttributes = {
					699E8CB41D519E2E0073EEA8 = {
						CreatedOnToolsVersion = 7.3.1;
					};
					699E8CC81D519E2E0073EEA8 = {
						CreatedOnToolsVersion = 7.3.1;
						TestTargetID = 699E8CB41D519E2E0073EEA8;
					};
					699E8CD31D519E2E0073EEA8 = {
						CreatedOnToolsVersion = 7.3.1;
						TestTargetID = 699E8CB41D519E2E0073EEA8;
					};
				};
			};
			buildConfigurationList = 699E8CB01D519E2E0073EEA8 /* Build configuration list for PBXProject "Around App" */;
			compatibilityVersion = "Xcode 3.2";
			developmentRegion = English;
			hasScannedForEncodings = 0;
			knownRegions = (
				en,
				Base,
			);
			mainGroup = 699E8CAC1D519E2E0073EEA8;
			productRefGroup = 699E8CB61D519E2E0073EEA8 /* Products */;
			projectDirPath = "";
			projectReferences = (
				{
					ProductGroup = 69242EC21D51CCD900A763B1 /* Products */;
					ProjectRef = 69242EC11D51CCD900A763B1 /* Alamofire.xcodeproj */;
				},
			);
			projectRoot = "";
			targets = (
				699E8CB41D519E2E0073EEA8 /* Around App */,
				699E8CC81D519E2E0073EEA8 /* Around AppTests */,
				699E8CD31D519E2E0073EEA8 /* Around AppUITests */,
			);
		};
/* End PBXProject section */

/* Begin PBXReferenceProxy section */
		69242ECD1D51CCD900A763B1 /* Alamofire.framework */ = {
			isa = PBXReferenceProxy;
			fileType = wrapper.framework;
			path = Alamofire.framework;
			remoteRef = 69242ECC1D51CCD900A763B1 /* PBXContainerItemProxy */;
			sourceTree = BUILT_PRODUCTS_DIR;
		};
		69242ECF1D51CCD900A763B1 /* Alamofire iOS Tests.xctest */ = {
			isa = PBXReferenceProxy;
			fileType = wrapper.cfbundle;
			path = "Alamofire iOS Tests.xctest";
			remoteRef = 69242ECE1D51CCD900A763B1 /* PBXContainerItemProxy */;
			sourceTree = BUILT_PRODUCTS_DIR;
		};
		69242ED11D51CCD900A763B1 /* Alamofire.framework */ = {
			isa = PBXReferenceProxy;
			fileType = wrapper.framework;
			path = Alamofire.framework;
			remoteRef = 69242ED01D51CCD900A763B1 /* PBXContainerItemProxy */;
			sourceTree = BUILT_PRODUCTS_DIR;
		};
		69242ED31D51CCD900A763B1 /* Alamofire OSX Tests.xctest */ = {
			isa = PBXReferenceProxy;
			fileType = wrapper.cfbundle;
			path = "Alamofire OSX Tests.xctest";
			remoteRef = 69242ED21D51CCD900A763B1 /* PBXContainerItemProxy */;
			sourceTree = BUILT_PRODUCTS_DIR;
		};
		69242ED51D51CCD900A763B1 /* Alamofire.framework */ = {
			isa = PBXReferenceProxy;
			fileType = wrapper.framework;
			path = Alamofire.framework;
			remoteRef = 69242ED41D51CCD900A763B1 /* PBXContainerItemProxy */;
			sourceTree = BUILT_PRODUCTS_DIR;
		};
		69242ED71D51CCD900A763B1 /* Alamofire tvOS Tests.xctest */ = {
			isa = PBXReferenceProxy;
			fileType = wrapper.cfbundle;
			path = "Alamofire tvOS Tests.xctest";
			remoteRef = 69242ED61D51CCD900A763B1 /* PBXContainerItemProxy */;
			sourceTree = BUILT_PRODUCTS_DIR;
		};
		69242ED91D51CCD900A763B1 /* Alamofire.framework */ = {
			isa = PBXReferenceProxy;
			fileType = wrapper.framework;
			path = Alamofire.framework;
			remoteRef = 69242ED81D51CCD900A763B1 /* PBXContainerItemProxy */;
			sourceTree = BUILT_PRODUCTS_DIR;
		};
/* End PBXReferenceProxy section */

/* Begin PBXResourcesBuildPhase section */
		699E8CB31D519E2E0073EEA8 /* Resources */ = {
			isa = PBXResourcesBuildPhase;
			buildActionMask = 2147483647;
			files = (
				699E8CC31D519E2E0073EEA8 /* LaunchScreen.storyboard in Resources */,
				699E8CC01D519E2E0073EEA8 /* Assets.xcassets in Resources */,
				699E8CBE1D519E2E0073EEA8 /* Main.storyboard in Resources */,
			);
			runOnlyForDeploymentPostprocessing = 0;
		};
		699E8CC71D519E2E0073EEA8 /* Resources */ = {
			isa = PBXResourcesBuildPhase;
			buildActionMask = 2147483647;
			files = (
			);
			runOnlyForDeploymentPostprocessing = 0;
		};
		699E8CD21D519E2E0073EEA8 /* Resources */ = {
			isa = PBXResourcesBuildPhase;
			buildActionMask = 2147483647;
			files = (
			);
			runOnlyForDeploymentPostprocessing = 0;
		};
/* End PBXResourcesBuildPhase section */

/* Begin PBXSourcesBuildPhase section */
		699E8CB11D519E2E0073EEA8 /* Sources */ = {
			isa = PBXSourcesBuildPhase;
			buildActionMask = 2147483647;
			files = (
				699E8D001D519E5C0073EEA8 /* SidebarTableViewController.m in Sources */,
				699E8D021D519E5C0073EEA8 /* WithOutStatusBarViewController.swift in Sources */,
				699E8CF71D519E5C0073EEA8 /* CustomSegue.swift in Sources */,
				699E8CFF1D519E5C0073EEA8 /* RegisterPhoneNumberViewController.swift in Sources */,
				699E8CFE1D519E5C0073EEA8 /* MapViewController.swift in Sources */,
				699E8CF81D519E5C0073EEA8 /* Define.swift in Sources */,
				699E8D011D519E5C0073EEA8 /* SWRevealViewController.m in Sources */,
				699E8DB81D51ABB00073EEA8 /* NetKit.swift in Sources */,
				69242EE41D51FB1C00A763B1 /* VerifyOTPViewController.swift in Sources */,
				699E8DBC1D51AC660073EEA8 /* Extensions.swift in Sources */,
				69242EE21D51D13900A763B1 /* Function.swift in Sources */,
				699E8DBE1D51AF190073EEA8 /* DataConnect.swift in Sources */,
				699E8CB91D519E2E0073EEA8 /* AppDelegate.swift in Sources */,
				699E8CFD1D519E5C0073EEA8 /* LoginViewController.swift in Sources */,
				699E8CFC1D519E5C0073EEA8 /* HomeViewController.swift in Sources */,
			);
			runOnlyForDeploymentPostprocessing = 0;
		};
		699E8CC51D519E2E0073EEA8 /* Sources */ = {
			isa = PBXSourcesBuildPhase;
			buildActionMask = 2147483647;
			files = (
				699E8CCE1D519E2E0073EEA8 /* Around_AppTests.swift in Sources */,
			);
			runOnlyForDeploymentPostprocessing = 0;
		};
		699E8CD01D519E2E0073EEA8 /* Sources */ = {
			isa = PBXSourcesBuildPhase;
			buildActionMask = 2147483647;
			files = (
				699E8CD91D519E2E0073EEA8 /* Around_AppUITests.swift in Sources */,
			);
			runOnlyForDeploymentPostprocessing = 0;
		};
/* End PBXSourcesBuildPhase section */

/* Begin PBXTargetDependency section */
		69242EDB1D51CD1700A763B1 /* PBXTargetDependency */ = {
			isa = PBXTargetDependency;
			name = "Alamofire iOS";
			targetProxy = 69242EDA1D51CD1700A763B1 /* PBXContainerItemProxy */;
		};
		699E8CCB1D519E2E0073EEA8 /* PBXTargetDependency */ = {
			isa = PBXTargetDependency;
			target = 699E8CB41D519E2E0073EEA8 /* Around App */;
			targetProxy = 699E8CCA1D519E2E0073EEA8 /* PBXContainerItemProxy */;
		};
		699E8CD61D519E2E0073EEA8 /* PBXTargetDependency */ = {
			isa = PBXTargetDependency;
			target = 699E8CB41D519E2E0073EEA8 /* Around App */;
			targetProxy = 699E8CD51D519E2E0073EEA8 /* PBXContainerItemProxy */;
		};
/* End PBXTargetDependency section */

/* Begin PBXVariantGroup section */
		699E8CBC1D519E2E0073EEA8 /* Main.storyboard */ = {
			isa = PBXVariantGroup;
			children = (
				699E8CBD1D519E2E0073EEA8 /* Base */,
			);
			name = Main.storyboard;
			sourceTree = "<group>";
		};
		699E8CC11D519E2E0073EEA8 /* LaunchScreen.storyboard */ = {
			isa = PBXVariantGroup;
			children = (
				699E8CC21D519E2E0073EEA8 /* Base */,
			);
			name = LaunchScreen.storyboard;
			sourceTree = "<group>";
		};
/* End PBXVariantGroup section */

/* Begin XCBuildConfiguration section */
		699E8CDB1D519E2E0073EEA8 /* Debug */ = {
			isa = XCBuildConfiguration;
			buildSettings = {
				ALWAYS_SEARCH_USER_PATHS = NO;
				CLANG_ANALYZER_NONNULL = YES;
				CLANG_CXX_LANGUAGE_STANDARD = "gnu++0x";
				CLANG_CXX_LIBRARY = "libc++";
				CLANG_ENABLE_MODULES = YES;
				CLANG_ENABLE_OBJC_ARC = YES;
				CLANG_WARN_BOOL_CONVERSION = YES;
				CLANG_WARN_CONSTANT_CONVERSION = YES;
				CLANG_WARN_DIRECT_OBJC_ISA_USAGE = YES_ERROR;
				CLANG_WARN_EMPTY_BODY = YES;
				CLANG_WARN_ENUM_CONVERSION = YES;
				CLANG_WARN_INT_CONVERSION = YES;
				CLANG_WARN_OBJC_ROOT_CLASS = YES_ERROR;
				CLANG_WARN_UNREACHABLE_CODE = YES;
				CLANG_WARN__DUPLICATE_METHOD_MATCH = YES;
				"CODE_SIGN_IDENTITY[sdk=iphoneos*]" = "iPhone Developer";
				COPY_PHASE_STRIP = NO;
				DEBUG_INFORMATION_FORMAT = dwarf;
				ENABLE_STRICT_OBJC_MSGSEND = YES;
				ENABLE_TESTABILITY = YES;
				GCC_C_LANGUAGE_STANDARD = gnu99;
				GCC_DYNAMIC_NO_PIC = NO;
				GCC_NO_COMMON_BLOCKS = YES;
				GCC_OPTIMIZATION_LEVEL = 0;
				GCC_PREPROCESSOR_DEFINITIONS = (
					"DEBUG=1",
					"$(inherited)",
				);
				GCC_WARN_64_TO_32_BIT_CONVERSION = YES;
				GCC_WARN_ABOUT_RETURN_TYPE = YES_ERROR;
				GCC_WARN_UNDECLARED_SELECTOR = YES;
				GCC_WARN_UNINITIALIZED_AUTOS = YES_AGGRESSIVE;
				GCC_WARN_UNUSED_FUNCTION = YES;
				GCC_WARN_UNUSED_VARIABLE = YES;
				IPHONEOS_DEPLOYMENT_TARGET = 9.3;
				MTL_ENABLE_DEBUG_INFO = YES;
				ONLY_ACTIVE_ARCH = YES;
				SDKROOT = iphoneos;
				SWIFT_OPTIMIZATION_LEVEL = "-Onone";
			};
			name = Debug;
		};
		699E8CDC1D519E2E0073EEA8 /* Release */ = {
			isa = XCBuildConfiguration;
			buildSettings = {
				ALWAYS_SEARCH_USER_PATHS = NO;
				CLANG_ANALYZER_NONNULL = YES;
				CLANG_CXX_LANGUAGE_STANDARD = "gnu++0x";
				CLANG_CXX_LIBRARY = "libc++";
				CLANG_ENABLE_MODULES = YES;
				CLANG_ENABLE_OBJC_ARC = YES;
				CLANG_WARN_BOOL_CONVERSION = YES;
				CLANG_WARN_CONSTANT_CONVERSION = YES;
				CLANG_WARN_DIRECT_OBJC_ISA_USAGE = YES_ERROR;
				CLANG_WARN_EMPTY_BODY = YES;
				CLANG_WARN_ENUM_CONVERSION = YES;
				CLANG_WARN_INT_CONVERSION = YES;
				CLANG_WARN_OBJC_ROOT_CLASS = YES_ERROR;
				CLANG_WARN_UNREACHABLE_CODE = YES;
				CLANG_WARN__DUPLICATE_METHOD_MATCH = YES;
				"CODE_SIGN_IDENTITY[sdk=iphoneos*]" = "iPhone Developer";
				COPY_PHASE_STRIP = NO;
				DEBUG_INFORMATION_FORMAT = "dwarf-with-dsym";
				ENABLE_NS_ASSERTIONS = NO;
				ENABLE_STRICT_OBJC_MSGSEND = YES;
				GCC_C_LANGUAGE_STANDARD = gnu99;
				GCC_NO_COMMON_BLOCKS = YES;
				GCC_WARN_64_TO_32_BIT_CONVERSION = YES;
				GCC_WARN_ABOUT_RETURN_TYPE = YES_ERROR;
				GCC_WARN_UNDECLARED_SELECTOR = YES;
				GCC_WARN_UNINITIALIZED_AUTOS = YES_AGGRESSIVE;
				GCC_WARN_UNUSED_FUNCTION = YES;
				GCC_WARN_UNUSED_VARIABLE = YES;
				IPHONEOS_DEPLOYMENT_TARGET = 9.3;
				MTL_ENABLE_DEBUG_INFO = NO;
				SDKROOT = iphoneos;
				VALIDATE_PRODUCT = YES;
			};
			name = Release;
		};
		699E8CDE1D519E2E0073EEA8 /* Debug */ = {
			isa = XCBuildConfiguration;
			buildSettings = {
				ASSETCATALOG_COMPILER_APPICON_NAME = AppIcon;
				CLANG_ALLOW_NON_MODULAR_INCLUDES_IN_FRAMEWORK_MODULES = NO;
				CLANG_ENABLE_MODULES = YES;
				FRAMEWORK_SEARCH_PATHS = (
					"$(inherited)",
					"$(PROJECT_DIR)/Around",
					App,
					"$(PROJECT_DIR)/Around",
					App,
					"$(PROJECT_DIR)/Around",
					App,
				);
				INFOPLIST_FILE = "Around App/Info.plist";
				LD_RUNPATH_SEARCH_PATHS = "$(inherited) @executable_path/Frameworks";
				PRODUCT_BUNDLE_IDENTIFIER = "com.phuc.dreamplex.Around-App";
				PRODUCT_NAME = "$(TARGET_NAME)";
				SWIFT_OBJC_BRIDGING_HEADER = "Around App/BridgingHeaderfile.h";
				SWIFT_OPTIMIZATION_LEVEL = "-Onone";
			};
			name = Debug;
		};
		699E8CDF1D519E2E0073EEA8 /* Release */ = {
			isa = XCBuildConfiguration;
			buildSettings = {
				ASSETCATALOG_COMPILER_APPICON_NAME = AppIcon;
				CLANG_ALLOW_NON_MODULAR_INCLUDES_IN_FRAMEWORK_MODULES = NO;
				CLANG_ENABLE_MODULES = YES;
				FRAMEWORK_SEARCH_PATHS = (
					"$(inherited)",
					"$(PROJECT_DIR)/Around",
					App,
					"$(PROJECT_DIR)/Around",
					App,
					"$(PROJECT_DIR)/Around",
					App,
				);
				INFOPLIST_FILE = "Around App/Info.plist";
				LD_RUNPATH_SEARCH_PATHS = "$(inherited) @executable_path/Frameworks";
				PRODUCT_BUNDLE_IDENTIFIER = "com.phuc.dreamplex.Around-App";
				PRODUCT_NAME = "$(TARGET_NAME)";
				SWIFT_OBJC_BRIDGING_HEADER = "Around App/BridgingHeaderfile.h";
			};
			name = Release;
		};
		699E8CE11D519E2E0073EEA8 /* Debug */ = {
			isa = XCBuildConfiguration;
			buildSettings = {
				BUNDLE_LOADER = "$(TEST_HOST)";
				INFOPLIST_FILE = "Around AppTests/Info.plist";
				LD_RUNPATH_SEARCH_PATHS = "$(inherited) @executable_path/Frameworks @loader_path/Frameworks";
				PRODUCT_BUNDLE_IDENTIFIER = "com.phuc.dreamplex.Around-AppTests";
				PRODUCT_NAME = "$(TARGET_NAME)";
				TEST_HOST = "$(BUILT_PRODUCTS_DIR)/Around App.app/Around App";
			};
			name = Debug;
		};
		699E8CE21D519E2E0073EEA8 /* Release */ = {
			isa = XCBuildConfiguration;
			buildSettings = {
				BUNDLE_LOADER = "$(TEST_HOST)";
				INFOPLIST_FILE = "Around AppTests/Info.plist";
				LD_RUNPATH_SEARCH_PATHS = "$(inherited) @executable_path/Frameworks @loader_path/Frameworks";
				PRODUCT_BUNDLE_IDENTIFIER = "com.phuc.dreamplex.Around-AppTests";
				PRODUCT_NAME = "$(TARGET_NAME)";
				TEST_HOST = "$(BUILT_PRODUCTS_DIR)/Around App.app/Around App";
			};
			name = Release;
		};
		699E8CE41D519E2E0073EEA8 /* Debug */ = {
			isa = XCBuildConfiguration;
			buildSettings = {
				INFOPLIST_FILE = "Around AppUITests/Info.plist";
				LD_RUNPATH_SEARCH_PATHS = "$(inherited) @executable_path/Frameworks @loader_path/Frameworks";
				PRODUCT_BUNDLE_IDENTIFIER = "com.phuc.dreamplex.Around-AppUITests";
				PRODUCT_NAME = "$(TARGET_NAME)";
				TEST_TARGET_NAME = "Around App";
			};
			name = Debug;
		};
		699E8CE51D519E2E0073EEA8 /* Release */ = {
			isa = XCBuildConfiguration;
			buildSettings = {
				INFOPLIST_FILE = "Around AppUITests/Info.plist";
				LD_RUNPATH_SEARCH_PATHS = "$(inherited) @executable_path/Frameworks @loader_path/Frameworks";
				PRODUCT_BUNDLE_IDENTIFIER = "com.phuc.dreamplex.Around-AppUITests";
				PRODUCT_NAME = "$(TARGET_NAME)";
				TEST_TARGET_NAME = "Around App";
			};
			name = Release;
		};
/* End XCBuildConfiguration section */

/* Begin XCConfigurationList section */
		699E8CB01D519E2E0073EEA8 /* Build configuration list for PBXProject "Around App" */ = {
			isa = XCConfigurationList;
			buildConfigurations = (
				699E8CDB1D519E2E0073EEA8 /* Debug */,
				699E8CDC1D519E2E0073EEA8 /* Release */,
			);
			defaultConfigurationIsVisible = 0;
			defaultConfigurationName = Release;
		};
		699E8CDD1D519E2E0073EEA8 /* Build configuration list for PBXNativeTarget "Around App" */ = {
			isa = XCConfigurationList;
			buildConfigurations = (
				699E8CDE1D519E2E0073EEA8 /* Debug */,
				699E8CDF1D519E2E0073EEA8 /* Release */,
			);
			defaultConfigurationIsVisible = 0;
			defaultConfigurationName = Release;
		};
		699E8CE01D519E2E0073EEA8 /* Build configuration list for PBXNativeTarget "Around AppTests" */ = {
			isa = XCConfigurationList;
			buildConfigurations = (
				699E8CE11D519E2E0073EEA8 /* Debug */,
				699E8CE21D519E2E0073EEA8 /* Release */,
			);
			defaultConfigurationIsVisible = 0;
			defaultConfigurationName = Release;
		};
		699E8CE31D519E2E0073EEA8 /* Build configuration list for PBXNativeTarget "Around AppUITests" */ = {
			isa = XCConfigurationList;
			buildConfigurations = (
				699E8CE41D519E2E0073EEA8 /* Debug */,
				699E8CE51D519E2E0073EEA8 /* Release */,
			);
			defaultConfigurationIsVisible = 0;
			defaultConfigurationName = Release;
		};
/* End XCConfigurationList section */
	};
	rootObject = 699E8CAD1D519E2E0073EEA8 /* Project object */;
}
